
Microsoft Visual Studio Solution File, Format Version 12.00
# Visual Studio Version 16
VisualStudioVersion = 16.0.32228.343
MinimumVisualStudioVersion = 10.0.40219.1
Project("{FAE04EC0-301F-11D3-BF4B-00C04F79EFBC}") = "KH2DoorRando", "KH2DoorRando\KH2DoorRando.csproj", "{3F9BDAB1-953A-466F-9992-73842052CEAA}"
EndProject
Project("{FAE04EC0-301F-11D3-BF4B-00C04F79EFBC}") = "KH2DoorTracker", "KH2DoorTracker\KH2DoorTracker.csproj", "{38497C8B-BD50-4AEC-8527-18D017F6238C}"
EndProject
Project("{FAE04EC0-301F-11D3-BF4B-00C04F79EFBC}") = "KH2DoorPlando", "KH2DoorPlando\KH2DoorPlando.csproj", "{75996EF5-E3FF-48A5-BA06-FC66DD1C86FA}"
EndProject
Global
	GlobalSection(SolutionConfigurationPlatforms) = preSolution
		Debug|Any CPU = Debug|Any CPU
		Debug|x64 = Debug|x64
		Release|Any CPU = Release|Any CPU
		Release|x64 = Release|x64
	EndGlobalSection
	GlobalSection(ProjectConfigurationPlatforms) = postSolution
		{3F9BDAB1-953A-466F-9992-73842052CEAA}.Debug|Any CPU.ActiveCfg = Debug|Any CPU
		{3F9BDAB1-953A-466F-9992-73842052CEAA}.Debug|x64.ActiveCfg = Debug|Any CPU
		{3F9BDAB1-953A-466F-9992-73842052CEAA}.Debug|x64.Build.0 = Debug|Any CPU
		{3F9BDAB1-953A-466F-9992-73842052CEAA}.Release|Any CPU.ActiveCfg = Release|Any CPU
		{3F9BDAB1-953A-466F-9992-73842052CEAA}.Release|x64.ActiveCfg = Release|Any CPU
		{38497C8B-BD50-4AEC-8527-18D017F6238C}.Debug|Any CPU.ActiveCfg = Debug|x64
		{38497C8B-BD50-4AEC-8527-18D017F6238C}.Debug|x64.ActiveCfg = Debug|x64
		{38497C8B-BD50-4AEC-8527-18D017F6238C}.Debug|x64.Build.0 = Debug|x64
		{38497C8B-BD50-4AEC-8527-18D017F6238C}.Release|Any CPU.ActiveCfg = Release|x64
		{38497C8B-BD50-4AEC-8527-18D017F6238C}.Release|x64.ActiveCfg = Release|x64
		{75996EF5-E3FF-48A5-BA06-FC66DD1C86FA}.Debug|Any CPU.ActiveCfg = Debug|Any CPU
		{75996EF5-E3FF-48A5-BA06-FC66DD1C86FA}.Debug|Any CPU.Build.0 = Debug|Any CPU
		{75996EF5-E3FF-48A5-BA06-FC66DD1C86FA}.Debug|x64.ActiveCfg = Debug|Any CPU
		{75996EF5-E3FF-48A5-BA06-FC66DD1C86FA}.Debug|x64.Build.0 = Debug|Any CPU
		{75996EF5-E3FF-48A5-BA06-FC66DD1C86FA}.Release|Any CPU.ActiveCfg = Release|Any CPU
		{75996EF5-E3FF-48A5-BA06-FC66DD1C86FA}.Release|Any CPU.Build.0 = Release|Any CPU
		{75996EF5-E3FF-48A5-BA06-FC66DD1C86FA}.Release|x64.ActiveCfg = Release|Any CPU
		{75996EF5-E3FF-48A5-BA06-FC66DD1C86FA}.Release|x64.Build.0 = Release|Any CPU
	EndGlobalSection
	GlobalSection(SolutionProperties) = preSolution
		HideSolutionNode = FALSE
	EndGlobalSection
	GlobalSection(ExtensibilityGlobals) = postSolution
		SolutionGuid = {E6891907-FA06-49BA-9011-8AACA74508FA}
	EndGlobalSection
EndGlobal
